
Microsoft Visual Studio Solution File, Format Version 12.00
# Visual Studio Version 16
VisualStudioVersion = 16.0.29728.190
MinimumVisualStudioVersion = 10.0.40219.1
Project("{FAE04EC0-301F-11D3-BF4B-00C04F79EFBC}") = "MeusJogos.Android", "MeusJogos.Android\MeusJogos.Android.csproj", "{765115EE-72DA-4D86-81AD-B8F9CC6DFE1B}"
EndProject
Project("{9A19103F-16F7-4668-BE54-9A1E7A4F7556}") = "MeusJogos", "MeusJogos\MeusJogos.csproj", "{84E7806A-8F16-4CAE-8189-ECE91E7FBA1E}"
EndProject
Global
	GlobalSection(SolutionConfigurationPlatforms) = preSolution
		Debug|Any CPU = Debug|Any CPU
		Release|Any CPU = Release|Any CPU
	EndGlobalSection
	GlobalSection(ProjectConfigurationPlatforms) = postSolution
		{765115EE-72DA-4D86-81AD-B8F9CC6DFE1B}.Debug|Any CPU.ActiveCfg = Debug|Any CPU
		{765115EE-72DA-4D86-81AD-B8F9CC6DFE1B}.Debug|Any CPU.Build.0 = Debug|Any CPU
		{765115EE-72DA-4D86-81AD-B8F9CC6DFE1B}.Debug|Any CPU.Deploy.0 = Debug|Any CPU
		{765115EE-72DA-4D86-81AD-B8F9CC6DFE1B}.Release|Any CPU.ActiveCfg = Release|Any CPU
		{765115EE-72DA-4D86-81AD-B8F9CC6DFE1B}.Release|Any CPU.Build.0 = Release|Any CPU
		{765115EE-72DA-4D86-81AD-B8F9CC6DFE1B}.Release|Any CPU.Deploy.0 = Release|Any CPU
		{84E7806A-8F16-4CAE-8189-ECE91E7FBA1E}.Debug|Any CPU.ActiveCfg = Debug|Any CPU
		{84E7806A-8F16-4CAE-8189-ECE91E7FBA1E}.Debug|Any CPU.Build.0 = Debug|Any CPU
		{84E7806A-8F16-4CAE-8189-ECE91E7FBA1E}.Debug|Any CPU.Deploy.0 = Debug|Any CPU
		{84E7806A-8F16-4CAE-8189-ECE91E7FBA1E}.Release|Any CPU.ActiveCfg = Release|Any CPU
		{84E7806A-8F16-4CAE-8189-ECE91E7FBA1E}.Release|Any CPU.Build.0 = Release|Any CPU
		{84E7806A-8F16-4CAE-8189-ECE91E7FBA1E}.Release|Any CPU.Deploy.0 = Release|Any CPU
	EndGlobalSection
	GlobalSection(SolutionProperties) = preSolution
		HideSolutionNode = FALSE
	EndGlobalSection
	GlobalSection(ExtensibilityGlobals) = postSolution
		SolutionGuid = {EDFCC3BC-7374-4F45-8D88-8384D3697FDA}
	EndGlobalSection
EndGlobal
